
Microsoft Visual Studio Solution File, Format Version 12.00
# Visual Studio Version 16
VisualStudioVersion = 16.0.29418.71
MinimumVisualStudioVersion = 10.0.40219.1
Project("{FAE04EC0-301F-11D3-BF4B-00C04F79EFBC}") = "Hogwarts", "Hogwarts.csproj", "{367760FB-B31E-43D8-B090-D4627E79BB51}"
EndProject
Global
	GlobalSection(SolutionConfigurationPlatforms) = preSolution
		Debug|Any CPU = Debug|Any CPU
		Release|Any CPU = Release|Any CPU
	EndGlobalSection
	GlobalSection(ProjectConfigurationPlatforms) = postSolution
		{367760FB-B31E-43D8-B090-D4627E79BB51}.Debug|Any CPU.ActiveCfg = Debug|Any CPU
		{367760FB-B31E-43D8-B090-D4627E79BB51}.Debug|Any CPU.Build.0 = Debug|Any CPU
		{367760FB-B31E-43D8-B090-D4627E79BB51}.Release|Any CPU.ActiveCfg = Release|Any CPU
		{367760FB-B31E-43D8-B090-D4627E79BB51}.Release|Any CPU.Build.0 = Release|Any CPU
	EndGlobalSection
	GlobalSection(SolutionProperties) = preSolution
		HideSolutionNode = FALSE
	EndGlobalSection
	GlobalSection(ExtensibilityGlobals) = postSolution
		SolutionGuid = {DEB6C180-531B-48DC-9137-4120289CF137}
	EndGlobalSection
EndGlobal
